
Microsoft Visual Studio Solution File, Format Version 12.00
# Visual Studio 15
VisualStudioVersion = 15.0.27130.2003
MinimumVisualStudioVersion = 10.0.40219.1
Project("{9A19103F-16F7-4668-BE54-9A1E7A4F7556}") = "FestivalManager", "FestivalManager\FestivalManager.csproj", "{9BA27884-E5AA-4477-8213-F01909A8AEDA}"
EndProject
Project("{9A19103F-16F7-4668-BE54-9A1E7A4F7556}") = "FestivalManager.Tests", "C:\Users\Stancho\Desktop\FestivalManager.Tests\FestivalManager.Tests.csproj", "{010FE0F9-B9F5-4DEE-8245-01432177D976}"
EndProject
Global
	GlobalSection(SolutionConfigurationPlatforms) = preSolution
		Debug|Any CPU = Debug|Any CPU
		Release|Any CPU = Release|Any CPU
		Test|Any CPU = Test|Any CPU
	EndGlobalSection
	GlobalSection(ProjectConfigurationPlatforms) = postSolution
		{9BA27884-E5AA-4477-8213-F01909A8AEDA}.Debug|Any CPU.ActiveCfg = Debug|Any CPU
		{9BA27884-E5AA-4477-8213-F01909A8AEDA}.Debug|Any CPU.Build.0 = Debug|Any CPU
		{9BA27884-E5AA-4477-8213-F01909A8AEDA}.Release|Any CPU.ActiveCfg = Release|Any CPU
		{9BA27884-E5AA-4477-8213-F01909A8AEDA}.Release|Any CPU.Build.0 = Release|Any CPU
		{9BA27884-E5AA-4477-8213-F01909A8AEDA}.Test|Any CPU.ActiveCfg = Test|Any CPU
		{9BA27884-E5AA-4477-8213-F01909A8AEDA}.Test|Any CPU.Build.0 = Test|Any CPU
		{010FE0F9-B9F5-4DEE-8245-01432177D976}.Debug|Any CPU.ActiveCfg = Debug|Any CPU
		{010FE0F9-B9F5-4DEE-8245-01432177D976}.Debug|Any CPU.Build.0 = Debug|Any CPU
		{010FE0F9-B9F5-4DEE-8245-01432177D976}.Release|Any CPU.ActiveCfg = Release|Any CPU
		{010FE0F9-B9F5-4DEE-8245-01432177D976}.Release|Any CPU.Build.0 = Release|Any CPU
		{010FE0F9-B9F5-4DEE-8245-01432177D976}.Test|Any CPU.ActiveCfg = Debug|Any CPU
		{010FE0F9-B9F5-4DEE-8245-01432177D976}.Test|Any CPU.Build.0 = Debug|Any CPU
	EndGlobalSection
	GlobalSection(SolutionProperties) = preSolution
		HideSolutionNode = FALSE
	EndGlobalSection
	GlobalSection(ExtensibilityGlobals) = postSolution
		SolutionGuid = {3390013A-A18A-41C8-A74A-945F410C08D2}
	EndGlobalSection
EndGlobal
