
Microsoft Visual Studio Solution File, Format Version 12.00
# Visual Studio 15
VisualStudioVersion = 15.0.27428.2037
MinimumVisualStudioVersion = 10.0.40219.1
Project("{9A19103F-16F7-4668-BE54-9A1E7A4F7556}") = "Minedraft", "Minedraft\Minedraft.csproj", "{C009E9C9-44A1-4593-9C15-89246CEB264A}"
EndProject
Project("{FAE04EC0-301F-11D3-BF4B-00C04F79EFBC}") = "Tests", "Tests\Tests.csproj", "{EF73638B-1145-468A-9792-15F2D9939CA4}"
EndProject
Global
	GlobalSection(SolutionConfigurationPlatforms) = preSolution
		Debug|Any CPU = Debug|Any CPU
		Release|Any CPU = Release|Any CPU
	EndGlobalSection
	GlobalSection(ProjectConfigurationPlatforms) = postSolution
		{C009E9C9-44A1-4593-9C15-89246CEB264A}.Debug|Any CPU.ActiveCfg = Debug|Any CPU
		{C009E9C9-44A1-4593-9C15-89246CEB264A}.Debug|Any CPU.Build.0 = Debug|Any CPU
		{C009E9C9-44A1-4593-9C15-89246CEB264A}.Release|Any CPU.ActiveCfg = Release|Any CPU
		{C009E9C9-44A1-4593-9C15-89246CEB264A}.Release|Any CPU.Build.0 = Release|Any CPU
		{EF73638B-1145-468A-9792-15F2D9939CA4}.Debug|Any CPU.ActiveCfg = Debug|Any CPU
		{EF73638B-1145-468A-9792-15F2D9939CA4}.Debug|Any CPU.Build.0 = Debug|Any CPU
		{EF73638B-1145-468A-9792-15F2D9939CA4}.Release|Any CPU.ActiveCfg = Release|Any CPU
		{EF73638B-1145-468A-9792-15F2D9939CA4}.Release|Any CPU.Build.0 = Release|Any CPU
	EndGlobalSection
	GlobalSection(SolutionProperties) = preSolution
		HideSolutionNode = FALSE
	EndGlobalSection
	GlobalSection(ExtensibilityGlobals) = postSolution
		SolutionGuid = {873CC151-B545-4A45-B5A5-ED0DCC7D0E26}
	EndGlobalSection
EndGlobal
