
Microsoft Visual Studio Solution File, Format Version 12.00
# Visual Studio 15
VisualStudioVersion = 15.0.27428.2027
MinimumVisualStudioVersion = 10.0.40219.1
Project("{9A19103F-16F7-4668-BE54-9A1E7A4F7556}") = "Forum.App", "Forum.App\Forum.App.csproj", "{69E6CC0F-828A-4C8E-B574-91F028BF2B6C}"
EndProject
Project("{9A19103F-16F7-4668-BE54-9A1E7A4F7556}") = "Forum.Data", "Forum.Data\Forum.Data.csproj", "{1FEF1077-EFDF-4D79-A404-3C7D03A3D6A0}"
EndProject
Project("{9A19103F-16F7-4668-BE54-9A1E7A4F7556}") = "Forum.DataModels", "Forum.Models\Forum.DataModels.csproj", "{27E47981-F874-4EFD-B93D-AA7C0DF841B7}"
EndProject
Global
	GlobalSection(SolutionConfigurationPlatforms) = preSolution
		Debug|Any CPU = Debug|Any CPU
		Release|Any CPU = Release|Any CPU
	EndGlobalSection
	GlobalSection(ProjectConfigurationPlatforms) = postSolution
		{69E6CC0F-828A-4C8E-B574-91F028BF2B6C}.Debug|Any CPU.ActiveCfg = Debug|Any CPU
		{69E6CC0F-828A-4C8E-B574-91F028BF2B6C}.Debug|Any CPU.Build.0 = Debug|Any CPU
		{69E6CC0F-828A-4C8E-B574-91F028BF2B6C}.Release|Any CPU.ActiveCfg = Release|Any CPU
		{69E6CC0F-828A-4C8E-B574-91F028BF2B6C}.Release|Any CPU.Build.0 = Release|Any CPU
		{1FEF1077-EFDF-4D79-A404-3C7D03A3D6A0}.Debug|Any CPU.ActiveCfg = Debug|Any CPU
		{1FEF1077-EFDF-4D79-A404-3C7D03A3D6A0}.Debug|Any CPU.Build.0 = Debug|Any CPU
		{1FEF1077-EFDF-4D79-A404-3C7D03A3D6A0}.Release|Any CPU.ActiveCfg = Release|Any CPU
		{1FEF1077-EFDF-4D79-A404-3C7D03A3D6A0}.Release|Any CPU.Build.0 = Release|Any CPU
		{27E47981-F874-4EFD-B93D-AA7C0DF841B7}.Debug|Any CPU.ActiveCfg = Debug|Any CPU
		{27E47981-F874-4EFD-B93D-AA7C0DF841B7}.Debug|Any CPU.Build.0 = Debug|Any CPU
		{27E47981-F874-4EFD-B93D-AA7C0DF841B7}.Release|Any CPU.ActiveCfg = Release|Any CPU
		{27E47981-F874-4EFD-B93D-AA7C0DF841B7}.Release|Any CPU.Build.0 = Release|Any CPU
	EndGlobalSection
	GlobalSection(SolutionProperties) = preSolution
		HideSolutionNode = FALSE
	EndGlobalSection
	GlobalSection(ExtensibilityGlobals) = postSolution
		SolutionGuid = {86564BAC-8EDE-409B-8A98-C197FE812604}
	EndGlobalSection
EndGlobal
